
Microsoft Visual Studio Solution File, Format Version 12.00
# Visual Studio Version 17
VisualStudioVersion = 17.5.002.0
MinimumVisualStudioVersion = 10.0.40219.1
Project("{9A19103F-16F7-4668-BE54-9A1E7A4F7556}") = "ocl_test", "ocl_project\ocl_test.csproj", "{8C10AD25-0F13-432B-B82C-FB728808775F}"
EndProject
Project("{FAE04EC0-301F-11D3-BF4B-00C04F79EFBC}") = "benchmark", "benchmark\benchmark.csproj", "{0E79B893-0407-436D-9CD0-C405FFD11EB8}"
	ProjectSection(ProjectDependencies) = postProject
		{8C10AD25-0F13-432B-B82C-FB728808775F} = {8C10AD25-0F13-432B-B82C-FB728808775F}
	EndProjectSection
EndProject
Project("{FAE04EC0-301F-11D3-BF4B-00C04F79EFBC}") = "SparkAlgos", "SparkAlgos\SparkAlgos.csproj", "{30FF9166-C512-436C-A3DE-BE248DFA15E3}"
EndProject
Project("{FAE04EC0-301F-11D3-BF4B-00C04F79EFBC}") = "SparkCL", "SparkCL\SparkCL.csproj", "{1BFD0422-FFEB-4753-AA79-54B027219052}"
EndProject
Global
	GlobalSection(SolutionConfigurationPlatforms) = preSolution
		Debug|Any CPU = Debug|Any CPU
		Release|Any CPU = Release|Any CPU
	EndGlobalSection
	GlobalSection(ProjectConfigurationPlatforms) = postSolution
		{8C10AD25-0F13-432B-B82C-FB728808775F}.Debug|Any CPU.ActiveCfg = Debug|Any CPU
		{8C10AD25-0F13-432B-B82C-FB728808775F}.Debug|Any CPU.Build.0 = Debug|Any CPU
		{8C10AD25-0F13-432B-B82C-FB728808775F}.Release|Any CPU.ActiveCfg = Release|Any CPU
		{8C10AD25-0F13-432B-B82C-FB728808775F}.Release|Any CPU.Build.0 = Release|Any CPU
		{0E79B893-0407-436D-9CD0-C405FFD11EB8}.Debug|Any CPU.ActiveCfg = Debug|Any CPU
		{0E79B893-0407-436D-9CD0-C405FFD11EB8}.Debug|Any CPU.Build.0 = Debug|Any CPU
		{0E79B893-0407-436D-9CD0-C405FFD11EB8}.Release|Any CPU.ActiveCfg = Release|Any CPU
		{0E79B893-0407-436D-9CD0-C405FFD11EB8}.Release|Any CPU.Build.0 = Release|Any CPU
		{30FF9166-C512-436C-A3DE-BE248DFA15E3}.Debug|Any CPU.ActiveCfg = Debug|Any CPU
		{30FF9166-C512-436C-A3DE-BE248DFA15E3}.Debug|Any CPU.Build.0 = Debug|Any CPU
		{30FF9166-C512-436C-A3DE-BE248DFA15E3}.Release|Any CPU.ActiveCfg = Release|Any CPU
		{30FF9166-C512-436C-A3DE-BE248DFA15E3}.Release|Any CPU.Build.0 = Release|Any CPU
		{1BFD0422-FFEB-4753-AA79-54B027219052}.Debug|Any CPU.ActiveCfg = Debug|Any CPU
		{1BFD0422-FFEB-4753-AA79-54B027219052}.Debug|Any CPU.Build.0 = Debug|Any CPU
		{1BFD0422-FFEB-4753-AA79-54B027219052}.Release|Any CPU.ActiveCfg = Release|Any CPU
		{1BFD0422-FFEB-4753-AA79-54B027219052}.Release|Any CPU.Build.0 = Release|Any CPU
	EndGlobalSection
	GlobalSection(SolutionProperties) = preSolution
		HideSolutionNode = FALSE
	EndGlobalSection
	GlobalSection(ExtensibilityGlobals) = postSolution
		SolutionGuid = {8CF6DF79-F4CD-4D8F-ABF2-E5779ABF3602}
	EndGlobalSection
EndGlobal
