
Microsoft Visual Studio Solution File, Format Version 12.00
# Visual Studio Version 17
VisualStudioVersion = 17.5.002.0
MinimumVisualStudioVersion = 10.0.40219.1
Project("{9A19103F-16F7-4668-BE54-9A1E7A4F7556}") = "ocl_test", "ocl_test.csproj", "{8C10AD25-0F13-432B-B82C-FB728808775F}"
EndProject
Global
	GlobalSection(SolutionConfigurationPlatforms) = preSolution
		Debug|Any CPU = Debug|Any CPU
		Release|Any CPU = Release|Any CPU
	EndGlobalSection
	GlobalSection(ProjectConfigurationPlatforms) = postSolution
		{8C10AD25-0F13-432B-B82C-FB728808775F}.Debug|Any CPU.ActiveCfg = Debug|Any CPU
		{8C10AD25-0F13-432B-B82C-FB728808775F}.Debug|Any CPU.Build.0 = Debug|Any CPU
		{8C10AD25-0F13-432B-B82C-FB728808775F}.Release|Any CPU.ActiveCfg = Release|Any CPU
		{8C10AD25-0F13-432B-B82C-FB728808775F}.Release|Any CPU.Build.0 = Release|Any CPU
	EndGlobalSection
	GlobalSection(SolutionProperties) = preSolution
		HideSolutionNode = FALSE
	EndGlobalSection
	GlobalSection(ExtensibilityGlobals) = postSolution
		SolutionGuid = {8CF6DF79-F4CD-4D8F-ABF2-E5779ABF3602}
	EndGlobalSection
EndGlobal
